
Microsoft Visual Studio Solution File, Format Version 12.00
# Visual Studio Version 16
VisualStudioVersion = 16.0.31605.320
MinimumVisualStudioVersion = 10.0.40219.1
Project("{FAE04EC0-301F-11D3-BF4B-00C04F79EFBC}") = "TicTacToe", "TicTacToe\TicTacToe.csproj", "{ADCDF680-51B4-4551-A020-67C38C0EC4B1}"
EndProject
Global
	GlobalSection(SolutionConfigurationPlatforms) = preSolution
		Debug|Any CPU = Debug|Any CPU
		Release|Any CPU = Release|Any CPU
	EndGlobalSection
	GlobalSection(ProjectConfigurationPlatforms) = postSolution
		{ADCDF680-51B4-4551-A020-67C38C0EC4B1}.Debug|Any CPU.ActiveCfg = Debug|Any CPU
		{ADCDF680-51B4-4551-A020-67C38C0EC4B1}.Debug|Any CPU.Build.0 = Debug|Any CPU
		{ADCDF680-51B4-4551-A020-67C38C0EC4B1}.Release|Any CPU.ActiveCfg = Release|Any CPU
		{ADCDF680-51B4-4551-A020-67C38C0EC4B1}.Release|Any CPU.Build.0 = Release|Any CPU
	EndGlobalSection
	GlobalSection(SolutionProperties) = preSolution
		HideSolutionNode = FALSE
	EndGlobalSection
	GlobalSection(ExtensibilityGlobals) = postSolution
		SolutionGuid = {B8EEA971-B4D1-402E-A639-5CFDCFB54A80}
	EndGlobalSection
EndGlobal
